
Microsoft Visual Studio Solution File, Format Version 12.00
# Visual Studio Version 17
VisualStudioVersion = 17.14.36221.1 d17.14
MinimumVisualStudioVersion = 10.0.40219.1
Project("{FAE04EC0-301F-11D3-BF4B-00C04F79EFBC}") = "InnoShop.Contracts", "InnoShop.Contracts\InnoShop.Contracts.csproj", "{1BBC0ACE-7022-4451-A87E-93EC4F890499}"
EndProject
Global
	GlobalSection(SolutionConfigurationPlatforms) = preSolution
		Debug|Any CPU = Debug|Any CPU
		Release|Any CPU = Release|Any CPU
	EndGlobalSection
	GlobalSection(ProjectConfigurationPlatforms) = postSolution
		{1BBC0ACE-7022-4451-A87E-93EC4F890499}.Debug|Any CPU.ActiveCfg = Debug|Any CPU
		{1BBC0ACE-7022-4451-A87E-93EC4F890499}.Debug|Any CPU.Build.0 = Debug|Any CPU
		{1BBC0ACE-7022-4451-A87E-93EC4F890499}.Release|Any CPU.ActiveCfg = Release|Any CPU
		{1BBC0ACE-7022-4451-A87E-93EC4F890499}.Release|Any CPU.Build.0 = Release|Any CPU
	EndGlobalSection
	GlobalSection(SolutionProperties) = preSolution
		HideSolutionNode = FALSE
	EndGlobalSection
	GlobalSection(ExtensibilityGlobals) = postSolution
		SolutionGuid = {062493C4-B53E-4780-A609-CAAFF5ED505A}
	EndGlobalSection
EndGlobal
